{
  "nodes": {
    "flake-compat": {
      "flake": false,
      "locked": {
        "lastModified": 1673956053,
        "narHash": "sha256-4gtG9iQuiKITOjNQQeQIpoIB6b16fm+504Ch3sNKLd8=",
        "owner": "edolstra",
        "repo": "flake-compat",
        "rev": "35bb57c0c8d8b62bbfd284272c928ceb64ddbde9",
        "type": "github"
      },
      "original": {
        "owner": "edolstra",
        "repo": "flake-compat",
        "type": "github"
      }
    },
    "flake-parts": {
      "inputs": {
        "nixpkgs-lib": [
          "neovim-nightly-overlay",
          "nixpkgs"
        ]
      },
      "locked": {
        "lastModified": 1690933134,
        "narHash": "sha256-ab989mN63fQZBFrkk4Q8bYxQCktuHmBIBqUG1jl6/FQ=",
        "owner": "hercules-ci",
        "repo": "flake-parts",
        "rev": "59cf3f1447cfc75087e7273b04b31e689a8599fb",
        "type": "github"
      },
      "original": {
        "owner": "hercules-ci",
        "repo": "flake-parts",
        "type": "github"
      }
    },
    "flake-parts_2": {
      "inputs": {
        "nixpkgs-lib": "nixpkgs-lib"
      },
      "locked": {
        "lastModified": 1688466019,
        "narHash": "sha256-VeM2akYrBYMsb4W/MmBo1zmaMfgbL4cH3Pu8PGyIwJ0=",
        "owner": "hercules-ci",
        "repo": "flake-parts",
        "rev": "8e8d955c22df93dbe24f19ea04f47a74adbdc5ec",
        "type": "github"
      },
      "original": {
        "id": "flake-parts",
        "type": "indirect"
      }
    },
    "flake-parts_3": {
      "inputs": {
        "nixpkgs-lib": [
          "neovim-nightly-overlay",
          "hercules-ci-effects",
          "hercules-ci-agent",
          "nixpkgs"
        ]
      },
      "locked": {
        "lastModified": 1688466019,
        "narHash": "sha256-VeM2akYrBYMsb4W/MmBo1zmaMfgbL4cH3Pu8PGyIwJ0=",
        "owner": "hercules-ci",
        "repo": "flake-parts",
        "rev": "8e8d955c22df93dbe24f19ea04f47a74adbdc5ec",
        "type": "github"
      },
      "original": {
        "owner": "hercules-ci",
        "repo": "flake-parts",
        "type": "github"
      }
    },
    "flake-utils": {
      "locked": {
        "lastModified": 1652776076,
        "narHash": "sha256-gzTw/v1vj4dOVbpBSJX4J0DwUR6LIyXo7/SuuTJp1kM=",
        "owner": "numtide",
        "repo": "flake-utils",
        "rev": "04c1b180862888302ddfb2e3ad9eaa63afc60cf8",
        "type": "github"
      },
      "original": {
        "owner": "numtide",
        "ref": "v1.0.0",
        "repo": "flake-utils",
        "type": "github"
      }
    },
    "flake-utils_2": {
      "inputs": {
        "systems": "systems"
      },
      "locked": {
        "lastModified": 1685518550,
        "narHash": "sha256-o2d0KcvaXzTrPRIo0kOLV0/QXHhDQ5DTi+OxcjO8xqY=",
        "owner": "numtide",
        "repo": "flake-utils",
        "rev": "a1720a10a6cfe8234c0e93907ffe81be440f4cef",
        "type": "github"
      },
      "original": {
        "owner": "numtide",
        "repo": "flake-utils",
        "type": "github"
      }
    },
    "haskell-flake": {
      "locked": {
        "lastModified": 1684780604,
        "narHash": "sha256-2uMZsewmRn7rRtAnnQNw1lj0uZBMh4m6Cs/7dV5YF08=",
        "owner": "srid",
        "repo": "haskell-flake",
        "rev": "74210fa80a49f1b6f67223debdbf1494596ff9f2",
        "type": "github"
      },
      "original": {
        "owner": "srid",
        "ref": "0.3.0",
        "repo": "haskell-flake",
        "type": "github"
      }
    },
    "hercules-ci-agent": {
      "inputs": {
        "flake-parts": "flake-parts_3",
        "haskell-flake": "haskell-flake",
        "nixpkgs": "nixpkgs_2"
      },
      "locked": {
        "lastModified": 1688568579,
        "narHash": "sha256-ON0M56wtY/TIIGPkXDlJboAmuYwc73Hi8X9iJGtxOhM=",
        "owner": "hercules-ci",
        "repo": "hercules-ci-agent",
        "rev": "367dd8cd649b57009a6502e878005a1e54ad78c5",
        "type": "github"
      },
      "original": {
        "id": "hercules-ci-agent",
        "type": "indirect"
      }
    },
    "hercules-ci-effects": {
      "inputs": {
        "flake-parts": "flake-parts_2",
        "hercules-ci-agent": "hercules-ci-agent",
        "nixpkgs": [
          "neovim-nightly-overlay",
          "nixpkgs"
        ]
      },
      "locked": {
        "lastModified": 1689397210,
        "narHash": "sha256-fVxZnqxMbsDkB4GzGAs/B41K0wt/e+B/fLxmTFF/S20=",
        "owner": "hercules-ci",
        "repo": "hercules-ci-effects",
        "rev": "0a63bfa3f00a3775ea3a6722b247880f1ffe91ce",
        "type": "github"
      },
      "original": {
        "owner": "hercules-ci",
        "repo": "hercules-ci-effects",
        "type": "github"
      }
    },
    "home-manager": {
      "inputs": {
        "nixpkgs": [
          "nixpkgs"
        ]
      },
      "locked": {
        "lastModified": 1690910850,
        "narHash": "sha256-diLPKIDpR9zubqGl0wPFKMNPV9QpT/eNkqUN2dSt19o=",
        "owner": "nix-community",
        "repo": "home-manager",
        "rev": "8c731978f0916b9a904d67a0e53744ceff47882c",
        "type": "github"
      },
      "original": {
        "owner": "nix-community",
        "repo": "home-manager",
        "type": "github"
      }
    },
    "lyrap-cursors": {
      "inputs": {
        "flake-utils": "flake-utils",
        "nixpkgs": "nixpkgs"
      },
      "locked": {
        "lastModified": 1683461333,
        "narHash": "sha256-pAhu9WGOqDHqYWXTzGAxYfSQELL5rz29+YGFrRVeXJI=",
        "owner": "b4mbus",
        "repo": "lyrap-cursors-unofficial",
        "rev": "a924a5882789ff6675ccf3dd7014501bbbbb4b89",
        "type": "github"
      },
      "original": {
        "owner": "b4mbus",
        "repo": "lyrap-cursors-unofficial",
        "type": "github"
      }
    },
    "neovim-flake": {
      "inputs": {
        "flake-utils": "flake-utils_2",
        "nixpkgs": [
          "neovim-nightly-overlay",
          "nixpkgs"
        ]
      },
      "locked": {
        "dir": "contrib",
        "lastModified": 1690931846,
        "narHash": "sha256-VqwSLUCEDSj2c6D0v+zmLJ/nfB4rsdAdvk+CoBStsao=",
        "owner": "neovim",
        "repo": "neovim",
        "rev": "d086bc1e8590a92a70c414bd60e1e988bbdd3c0a",
        "type": "github"
      },
      "original": {
        "dir": "contrib",
        "owner": "neovim",
        "repo": "neovim",
        "type": "github"
      }
    },
    "neovim-nightly-overlay": {
      "inputs": {
        "flake-compat": "flake-compat",
        "flake-parts": "flake-parts",
        "hercules-ci-effects": "hercules-ci-effects",
        "neovim-flake": "neovim-flake",
        "nixpkgs": "nixpkgs_3"
      },
      "locked": {
        "lastModified": 1690934737,
        "narHash": "sha256-7wrjTJ5zfM72tYDIGu7V6Q7tU1lyYnUaNQ4jC46Mu8E=",
        "owner": "nix-community",
        "repo": "neovim-nightly-overlay",
        "rev": "5c30e017f0e865802ce73bf3279a93bc4aa1f14f",
        "type": "github"
      },
      "original": {
        "owner": "nix-community",
        "repo": "neovim-nightly-overlay",
        "type": "github"
      }
    },
    "nix-index-db": {
      "inputs": {
        "nixpkgs": [
          "nixpkgs"
        ]
      },
      "locked": {
        "lastModified": 1690687539,
        "narHash": "sha256-Lnwz9XKtshm+5OeWqCbj/3tKuKK+DL5tUTdKSRrKBlY=",
        "owner": "Mic92",
        "repo": "nix-index-database",
        "rev": "d74b8171153ae35d7d323a9b1ad6c4cf7a995591",
        "type": "github"
      },
      "original": {
        "owner": "Mic92",
        "repo": "nix-index-database",
        "type": "github"
      }
    },
    "nixpkgs": {
      "locked": {
        "lastModified": 1683207485,
        "narHash": "sha256-gs+PHt/y/XQB7S8+YyBLAM8LjgYpPZUVFQBwpFSmJro=",
        "owner": "nixos",
        "repo": "nixpkgs",
        "rev": "cc45a3f8c98e1c33ca996e3504adefbf660a72d1",
        "type": "github"
      },
      "original": {
        "owner": "nixos",
        "ref": "nixos-22.11",
        "repo": "nixpkgs",
        "type": "github"
      }
    },
    "nixpkgs-lib": {
      "locked": {
        "dir": "lib",
        "lastModified": 1688049487,
        "narHash": "sha256-100g4iaKC9MalDjUW9iN6Jl/OocTDtXdeAj7pEGIRh4=",
        "owner": "NixOS",
        "repo": "nixpkgs",
        "rev": "4bc72cae107788bf3f24f30db2e2f685c9298dc9",
        "type": "github"
      },
      "original": {
        "dir": "lib",
        "owner": "NixOS",
        "ref": "nixos-unstable",
        "repo": "nixpkgs",
        "type": "github"
      }
    },
    "nixpkgs_2": {
      "locked": {
        "lastModified": 1688322751,
        "narHash": "sha256-eW62dC5f33oKZL7VWlomttbUnOTHrAbte9yNUNW8rbk=",
        "owner": "NixOS",
        "repo": "nixpkgs",
        "rev": "0fbe93c5a7cac99f90b60bdf5f149383daaa615f",
        "type": "github"
      },
      "original": {
        "owner": "NixOS",
        "ref": "nixos-unstable",
        "repo": "nixpkgs",
        "type": "github"
      }
    },
    "nixpkgs_3": {
      "locked": {
        "lastModified": 1690893464,
        "narHash": "sha256-YiFBn3K4l1AzVt8NeSg9ZJNvHxX2k+AkS74s/s4ASRA=",
        "owner": "NixOS",
        "repo": "nixpkgs",
        "rev": "e0e6b6909977de63dab514efbf5470bc31e7055e",
        "type": "github"
      },
      "original": {
        "owner": "NixOS",
        "ref": "nixpkgs-unstable",
        "repo": "nixpkgs",
        "type": "github"
      }
    },
    "nixpkgs_4": {
      "locked": {
        "lastModified": 1690881714,
        "narHash": "sha256-h/nXluEqdiQHs1oSgkOOWF+j8gcJMWhwnZ9PFabN6q0=",
        "owner": "nixos",
        "repo": "nixpkgs",
        "rev": "9e1960bc196baf6881340d53dccb203a951745a2",
        "type": "github"
      },
      "original": {
        "owner": "nixos",
        "ref": "nixos-unstable",
        "repo": "nixpkgs",
        "type": "github"
      }
    },
    "root": {
      "inputs": {
        "home-manager": "home-manager",
        "lyrap-cursors": "lyrap-cursors",
        "neovim-nightly-overlay": "neovim-nightly-overlay",
        "nix-index-db": "nix-index-db",
        "nixpkgs": "nixpkgs_4",
        "tokyo-night-tmux": "tokyo-night-tmux"
      }
    },
    "systems": {
      "locked": {
        "lastModified": 1681028828,
        "narHash": "sha256-Vy1rq5AaRuLzOxct8nz4T6wlgyUR7zLU309k9mBC768=",
        "owner": "nix-systems",
        "repo": "default",
        "rev": "da67096a3b9bf56a91d16901293e51ba5b49a27e",
        "type": "github"
      },
      "original": {
        "owner": "nix-systems",
        "repo": "default",
        "type": "github"
      }
    },
    "tokyo-night-tmux": {
      "flake": false,
      "locked": {
        "lastModified": 1684113840,
        "narHash": "sha256-R1t6E5Dd3Zq0MPdXnYyvU0+juC2/0pt6r+Hi3QeMKm4=",
        "owner": "janoamaral",
        "repo": "tokyo-night-tmux",
        "rev": "9bba871bd7af93026715b5b232fa3e9e3d9e7a01",
        "type": "github"
      },
      "original": {
        "owner": "janoamaral",
        "repo": "tokyo-night-tmux",
        "type": "github"
      }
    }
  },
  "root": "root",
  "version": 7
}
